
Microsoft Visual Studio Solution File, Format Version 12.00
# Visual Studio 15
VisualStudioVersion = 15.0.28307.1321
MinimumVisualStudioVersion = 10.0.40219.1
Project("{FAE04EC0-301F-11D3-BF4B-00C04F79EFBC}") = "Programsss", "Programsss\Programsss.csproj", "{308A1D8C-7A57-4E57-A731-C4583DA56F71}"
EndProject
Global
	GlobalSection(SolutionConfigurationPlatforms) = preSolution
		Debug|Any CPU = Debug|Any CPU
		Release|Any CPU = Release|Any CPU
	EndGlobalSection
	GlobalSection(ProjectConfigurationPlatforms) = postSolution
		{308A1D8C-7A57-4E57-A731-C4583DA56F71}.Debug|Any CPU.ActiveCfg = Debug|Any CPU
		{308A1D8C-7A57-4E57-A731-C4583DA56F71}.Debug|Any CPU.Build.0 = Debug|Any CPU
		{308A1D8C-7A57-4E57-A731-C4583DA56F71}.Release|Any CPU.ActiveCfg = Release|Any CPU
		{308A1D8C-7A57-4E57-A731-C4583DA56F71}.Release|Any CPU.Build.0 = Release|Any CPU
	EndGlobalSection
	GlobalSection(SolutionProperties) = preSolution
		HideSolutionNode = FALSE
	EndGlobalSection
	GlobalSection(ExtensibilityGlobals) = postSolution
		SolutionGuid = {557D641D-EB5D-456C-8F7A-213AD9F54F32}
	EndGlobalSection
EndGlobal
